
Microsoft Visual Studio Solution File, Format Version 12.00
# Visual Studio Version 16
VisualStudioVersion = 16.0.31402.337
MinimumVisualStudioVersion = 10.0.40219.1
Project("{FAE04EC0-301F-11D3-BF4B-00C04F79EFBC}") = "ServiceA.API", "ServiceA.API\ServiceA.API.csproj", "{8C025E52-5931-4F7B-9D79-EDD0C1A71565}"
EndProject
Project("{FAE04EC0-301F-11D3-BF4B-00C04F79EFBC}") = "ServiceB.API", "ServiceB.API\ServiceB.API.csproj", "{3F28541E-AA83-49D1-A863-5BEEFBE57D5C}"
EndProject
Global
	GlobalSection(SolutionConfigurationPlatforms) = preSolution
		Debug|Any CPU = Debug|Any CPU
		Release|Any CPU = Release|Any CPU
	EndGlobalSection
	GlobalSection(ProjectConfigurationPlatforms) = postSolution
		{8C025E52-5931-4F7B-9D79-EDD0C1A71565}.Debug|Any CPU.ActiveCfg = Debug|Any CPU
		{8C025E52-5931-4F7B-9D79-EDD0C1A71565}.Debug|Any CPU.Build.0 = Debug|Any CPU
		{8C025E52-5931-4F7B-9D79-EDD0C1A71565}.Release|Any CPU.ActiveCfg = Release|Any CPU
		{8C025E52-5931-4F7B-9D79-EDD0C1A71565}.Release|Any CPU.Build.0 = Release|Any CPU
		{3F28541E-AA83-49D1-A863-5BEEFBE57D5C}.Debug|Any CPU.ActiveCfg = Debug|Any CPU
		{3F28541E-AA83-49D1-A863-5BEEFBE57D5C}.Debug|Any CPU.Build.0 = Debug|Any CPU
		{3F28541E-AA83-49D1-A863-5BEEFBE57D5C}.Release|Any CPU.ActiveCfg = Release|Any CPU
		{3F28541E-AA83-49D1-A863-5BEEFBE57D5C}.Release|Any CPU.Build.0 = Release|Any CPU
	EndGlobalSection
	GlobalSection(SolutionProperties) = preSolution
		HideSolutionNode = FALSE
	EndGlobalSection
	GlobalSection(ExtensibilityGlobals) = postSolution
		SolutionGuid = {1B4C40A2-D827-4A3D-B2D1-291DA019948D}
	EndGlobalSection
EndGlobal
